
Microsoft Visual Studio Solution File, Format Version 12.00
# Visual Studio 15
VisualStudioVersion = 15.0.26730.15
MinimumVisualStudioVersion = 15.0.26124.0
Project("{9A19103F-16F7-4668-BE54-9A1E7A4F7556}") = "Protacon.NetCore.WebApi.Util", "Protacon.NetCore.WebApi.Util\Protacon.NetCore.WebApi.Util.csproj", "{462C8086-14DB-4B7E-BD3F-F332CD28C648}"
EndProject
Project("{FAE04EC0-301F-11D3-BF4B-00C04F79EFBC}") = "Protacon.NetCore.WebApi.Util.Tests", "Protacon.NetCore.WebApi.Util.Tests\Protacon.NetCore.WebApi.Util.Tests.csproj", "{EC2785B2-E6A6-4EDC-8936-048CBF405FCF}"
EndProject
Global
	GlobalSection(SolutionConfigurationPlatforms) = preSolution
		Debug|Any CPU = Debug|Any CPU
		Debug|x64 = Debug|x64
		Debug|x86 = Debug|x86
		Release|Any CPU = Release|Any CPU
		Release|x64 = Release|x64
		Release|x86 = Release|x86
	EndGlobalSection
	GlobalSection(ProjectConfigurationPlatforms) = postSolution
		{462C8086-14DB-4B7E-BD3F-F332CD28C648}.Debug|Any CPU.ActiveCfg = Debug|Any CPU
		{462C8086-14DB-4B7E-BD3F-F332CD28C648}.Debug|Any CPU.Build.0 = Debug|Any CPU
		{462C8086-14DB-4B7E-BD3F-F332CD28C648}.Debug|x64.ActiveCfg = Debug|Any CPU
		{462C8086-14DB-4B7E-BD3F-F332CD28C648}.Debug|x64.Build.0 = Debug|Any CPU
		{462C8086-14DB-4B7E-BD3F-F332CD28C648}.Debug|x86.ActiveCfg = Debug|Any CPU
		{462C8086-14DB-4B7E-BD3F-F332CD28C648}.Debug|x86.Build.0 = Debug|Any CPU
		{462C8086-14DB-4B7E-BD3F-F332CD28C648}.Release|Any CPU.ActiveCfg = Release|Any CPU
		{462C8086-14DB-4B7E-BD3F-F332CD28C648}.Release|Any CPU.Build.0 = Release|Any CPU
		{462C8086-14DB-4B7E-BD3F-F332CD28C648}.Release|x64.ActiveCfg = Release|Any CPU
		{462C8086-14DB-4B7E-BD3F-F332CD28C648}.Release|x64.Build.0 = Release|Any CPU
		{462C8086-14DB-4B7E-BD3F-F332CD28C648}.Release|x86.ActiveCfg = Release|Any CPU
		{462C8086-14DB-4B7E-BD3F-F332CD28C648}.Release|x86.Build.0 = Release|Any CPU
		{EC2785B2-E6A6-4EDC-8936-048CBF405FCF}.Debug|Any CPU.ActiveCfg = Debug|Any CPU
		{EC2785B2-E6A6-4EDC-8936-048CBF405FCF}.Debug|Any CPU.Build.0 = Debug|Any CPU
		{EC2785B2-E6A6-4EDC-8936-048CBF405FCF}.Debug|x64.ActiveCfg = Debug|Any CPU
		{EC2785B2-E6A6-4EDC-8936-048CBF405FCF}.Debug|x64.Build.0 = Debug|Any CPU
		{EC2785B2-E6A6-4EDC-8936-048CBF405FCF}.Debug|x86.ActiveCfg = Debug|Any CPU
		{EC2785B2-E6A6-4EDC-8936-048CBF405FCF}.Debug|x86.Build.0 = Debug|Any CPU
		{EC2785B2-E6A6-4EDC-8936-048CBF405FCF}.Release|Any CPU.ActiveCfg = Release|Any CPU
		{EC2785B2-E6A6-4EDC-8936-048CBF405FCF}.Release|Any CPU.Build.0 = Release|Any CPU
		{EC2785B2-E6A6-4EDC-8936-048CBF405FCF}.Release|x64.ActiveCfg = Release|Any CPU
		{EC2785B2-E6A6-4EDC-8936-048CBF405FCF}.Release|x64.Build.0 = Release|Any CPU
		{EC2785B2-E6A6-4EDC-8936-048CBF405FCF}.Release|x86.ActiveCfg = Release|Any CPU
		{EC2785B2-E6A6-4EDC-8936-048CBF405FCF}.Release|x86.Build.0 = Release|Any CPU
	EndGlobalSection
	GlobalSection(SolutionProperties) = preSolution
		HideSolutionNode = FALSE
	EndGlobalSection
	GlobalSection(ExtensibilityGlobals) = postSolution
		SolutionGuid = {6B13FC45-C85E-4AEA-9FC5-AF2FC3917A1F}
	EndGlobalSection
EndGlobal
